
Microsoft Visual Studio Solution File, Format Version 12.00
# Visual Studio Version 17
VisualStudioVersion = 17.2.32505.173
MinimumVisualStudioVersion = 10.0.40219.1
Project("{FAE04EC0-301F-11D3-BF4B-00C04F79EFBC}") = "01_Action_Point", "01_Action_Point\01_Action_Point.csproj", "{DD3F7590-0859-45FE-8D24-2D3E8D82ADB1}"
EndProject
Project("{FAE04EC0-301F-11D3-BF4B-00C04F79EFBC}") = "02_Knights_Of_Honor", "02_Knights_Of_Honor\02_Knights_Of_Honor.csproj", "{F6AAF728-AD21-40CA-9296-5917D8DB87E7}"
EndProject
Project("{FAE04EC0-301F-11D3-BF4B-00C04F79EFBC}") = "03_Custom_Min_Function", "03_Custom_Min_Function\03_Custom_Min_Function.csproj", "{F6AF9DF1-F070-49DB-8AC9-F7F4DDC080D8}"
EndProject
Project("{FAE04EC0-301F-11D3-BF4B-00C04F79EFBC}") = "04_Find_Even_Odd", "04_Find_Even_Odd\04_Find_Even_Odd.csproj", "{1AF49A87-0889-4985-A1F5-313F289ECDF2}"
EndProject
Project("{FAE04EC0-301F-11D3-BF4B-00C04F79EFBC}") = "05_Applied_Arithmetics", "05_Applied_Arithmetics\05_Applied_Arithmetics.csproj", "{3367BE80-A9B5-4890-9DF9-2AC0CB9BFCB2}"
EndProject
Project("{FAE04EC0-301F-11D3-BF4B-00C04F79EFBC}") = "06_Reverse_And_Exclude", "06_Reverse_And_Exclude\06_Reverse_And_Exclude.csproj", "{8882FF00-B851-4518-A8D0-9933E6EB55C8}"
EndProject
Project("{FAE04EC0-301F-11D3-BF4B-00C04F79EFBC}") = "07_Predicate_For_Names", "07_Predicate_For_Names\07_Predicate_For_Names.csproj", "{2053E43D-082D-4E41-98A0-CA453EA9B069}"
EndProject
Project("{FAE04EC0-301F-11D3-BF4B-00C04F79EFBC}") = "08_List_Of_Predicates", "08_List_Of_Predicates\08_List_Of_Predicates.csproj", "{F1F190C4-EB3B-43F5-83A1-8D08B0736FEC}"
EndProject
Project("{FAE04EC0-301F-11D3-BF4B-00C04F79EFBC}") = "09_Predicate_Party", "09_Predicate_Party\09_Predicate_Party.csproj", "{E2FC094E-A026-4498-B1A9-33957601AAFF}"
EndProject
Global
	GlobalSection(SolutionConfigurationPlatforms) = preSolution
		Debug|Any CPU = Debug|Any CPU
		Release|Any CPU = Release|Any CPU
	EndGlobalSection
	GlobalSection(ProjectConfigurationPlatforms) = postSolution
		{DD3F7590-0859-45FE-8D24-2D3E8D82ADB1}.Debug|Any CPU.ActiveCfg = Debug|Any CPU
		{DD3F7590-0859-45FE-8D24-2D3E8D82ADB1}.Debug|Any CPU.Build.0 = Debug|Any CPU
		{DD3F7590-0859-45FE-8D24-2D3E8D82ADB1}.Release|Any CPU.ActiveCfg = Release|Any CPU
		{DD3F7590-0859-45FE-8D24-2D3E8D82ADB1}.Release|Any CPU.Build.0 = Release|Any CPU
		{F6AAF728-AD21-40CA-9296-5917D8DB87E7}.Debug|Any CPU.ActiveCfg = Debug|Any CPU
		{F6AAF728-AD21-40CA-9296-5917D8DB87E7}.Debug|Any CPU.Build.0 = Debug|Any CPU
		{F6AAF728-AD21-40CA-9296-5917D8DB87E7}.Release|Any CPU.ActiveCfg = Release|Any CPU
		{F6AAF728-AD21-40CA-9296-5917D8DB87E7}.Release|Any CPU.Build.0 = Release|Any CPU
		{F6AF9DF1-F070-49DB-8AC9-F7F4DDC080D8}.Debug|Any CPU.ActiveCfg = Debug|Any CPU
		{F6AF9DF1-F070-49DB-8AC9-F7F4DDC080D8}.Debug|Any CPU.Build.0 = Debug|Any CPU
		{F6AF9DF1-F070-49DB-8AC9-F7F4DDC080D8}.Release|Any CPU.ActiveCfg = Release|Any CPU
		{F6AF9DF1-F070-49DB-8AC9-F7F4DDC080D8}.Release|Any CPU.Build.0 = Release|Any CPU
		{1AF49A87-0889-4985-A1F5-313F289ECDF2}.Debug|Any CPU.ActiveCfg = Debug|Any CPU
		{1AF49A87-0889-4985-A1F5-313F289ECDF2}.Debug|Any CPU.Build.0 = Debug|Any CPU
		{1AF49A87-0889-4985-A1F5-313F289ECDF2}.Release|Any CPU.ActiveCfg = Release|Any CPU
		{1AF49A87-0889-4985-A1F5-313F289ECDF2}.Release|Any CPU.Build.0 = Release|Any CPU
		{3367BE80-A9B5-4890-9DF9-2AC0CB9BFCB2}.Debug|Any CPU.ActiveCfg = Debug|Any CPU
		{3367BE80-A9B5-4890-9DF9-2AC0CB9BFCB2}.Debug|Any CPU.Build.0 = Debug|Any CPU
		{3367BE80-A9B5-4890-9DF9-2AC0CB9BFCB2}.Release|Any CPU.ActiveCfg = Release|Any CPU
		{3367BE80-A9B5-4890-9DF9-2AC0CB9BFCB2}.Release|Any CPU.Build.0 = Release|Any CPU
		{8882FF00-B851-4518-A8D0-9933E6EB55C8}.Debug|Any CPU.ActiveCfg = Debug|Any CPU
		{8882FF00-B851-4518-A8D0-9933E6EB55C8}.Debug|Any CPU.Build.0 = Debug|Any CPU
		{8882FF00-B851-4518-A8D0-9933E6EB55C8}.Release|Any CPU.ActiveCfg = Release|Any CPU
		{8882FF00-B851-4518-A8D0-9933E6EB55C8}.Release|Any CPU.Build.0 = Release|Any CPU
		{2053E43D-082D-4E41-98A0-CA453EA9B069}.Debug|Any CPU.ActiveCfg = Debug|Any CPU
		{2053E43D-082D-4E41-98A0-CA453EA9B069}.Debug|Any CPU.Build.0 = Debug|Any CPU
		{2053E43D-082D-4E41-98A0-CA453EA9B069}.Release|Any CPU.ActiveCfg = Release|Any CPU
		{2053E43D-082D-4E41-98A0-CA453EA9B069}.Release|Any CPU.Build.0 = Release|Any CPU
		{F1F190C4-EB3B-43F5-83A1-8D08B0736FEC}.Debug|Any CPU.ActiveCfg = Debug|Any CPU
		{F1F190C4-EB3B-43F5-83A1-8D08B0736FEC}.Debug|Any CPU.Build.0 = Debug|Any CPU
		{F1F190C4-EB3B-43F5-83A1-8D08B0736FEC}.Release|Any CPU.ActiveCfg = Release|Any CPU
		{F1F190C4-EB3B-43F5-83A1-8D08B0736FEC}.Release|Any CPU.Build.0 = Release|Any CPU
		{E2FC094E-A026-4498-B1A9-33957601AAFF}.Debug|Any CPU.ActiveCfg = Debug|Any CPU
		{E2FC094E-A026-4498-B1A9-33957601AAFF}.Debug|Any CPU.Build.0 = Debug|Any CPU
		{E2FC094E-A026-4498-B1A9-33957601AAFF}.Release|Any CPU.ActiveCfg = Release|Any CPU
		{E2FC094E-A026-4498-B1A9-33957601AAFF}.Release|Any CPU.Build.0 = Release|Any CPU
	EndGlobalSection
	GlobalSection(SolutionProperties) = preSolution
		HideSolutionNode = FALSE
	EndGlobalSection
	GlobalSection(ExtensibilityGlobals) = postSolution
		SolutionGuid = {5DC089B4-E03B-423C-A02D-3C201D5A2ED3}
	EndGlobalSection
EndGlobal
